
Microsoft Visual Studio Solution File, Format Version 12.00
# Visual Studio Version 17
VisualStudioVersion = 17.9.34728.123
MinimumVisualStudioVersion = 10.0.40219.1
Project("{FAE04EC0-301F-11D3-BF4B-00C04F79EFBC}") = "FizzBuzz", "FizzBuzz.csproj", "{14780E7C-30B9-404F-82BF-69B3E3669010}"
EndProject
Global
	GlobalSection(SolutionConfigurationPlatforms) = preSolution
		Debug|Any CPU = Debug|Any CPU
		Release|Any CPU = Release|Any CPU
	EndGlobalSection
	GlobalSection(ProjectConfigurationPlatforms) = postSolution
		{14780E7C-30B9-404F-82BF-69B3E3669010}.Debug|Any CPU.ActiveCfg = Debug|Any CPU
		{14780E7C-30B9-404F-82BF-69B3E3669010}.Debug|Any CPU.Build.0 = Debug|Any CPU
		{14780E7C-30B9-404F-82BF-69B3E3669010}.Release|Any CPU.ActiveCfg = Release|Any CPU
		{14780E7C-30B9-404F-82BF-69B3E3669010}.Release|Any CPU.Build.0 = Release|Any CPU
	EndGlobalSection
	GlobalSection(SolutionProperties) = preSolution
		HideSolutionNode = FALSE
	EndGlobalSection
	GlobalSection(ExtensibilityGlobals) = postSolution
		SolutionGuid = {EB221949-219E-4B40-9A89-71A810B85D7C}
	EndGlobalSection
EndGlobal
